
Microsoft Visual Studio Solution File, Format Version 12.00
# Visual Studio Version 16
VisualStudioVersion = 16.0.31702.278
MinimumVisualStudioVersion = 10.0.40219.1
Project("{FAE04EC0-301F-11D3-BF4B-00C04F79EFBC}") = "App2.Android", "App2\App2.Android\App2.Android.csproj", "{2DFD1DAA-8960-4952-AF9F-BF0FCC48628C}"
EndProject
Project("{FAE04EC0-301F-11D3-BF4B-00C04F79EFBC}") = "App2.iOS", "App2\App2.iOS\App2.iOS.csproj", "{5A90B1EE-F430-45DF-88A0-F3C40E0DDAC4}"
EndProject
Project("{FAE04EC0-301F-11D3-BF4B-00C04F79EFBC}") = "App2", "App2\App2\App2.csproj", "{52BEC6EB-3465-4F77-B3A5-473197581CB1}"
EndProject
Global
	GlobalSection(SolutionConfigurationPlatforms) = preSolution
		Debug|Any CPU = Debug|Any CPU
		Debug|iPhone = Debug|iPhone
		Debug|iPhoneSimulator = Debug|iPhoneSimulator
		Release|Any CPU = Release|Any CPU
		Release|iPhone = Release|iPhone
		Release|iPhoneSimulator = Release|iPhoneSimulator
	EndGlobalSection
	GlobalSection(ProjectConfigurationPlatforms) = postSolution
		{2DFD1DAA-8960-4952-AF9F-BF0FCC48628C}.Debug|Any CPU.ActiveCfg = Debug|Any CPU
		{2DFD1DAA-8960-4952-AF9F-BF0FCC48628C}.Debug|Any CPU.Build.0 = Debug|Any CPU
		{2DFD1DAA-8960-4952-AF9F-BF0FCC48628C}.Debug|Any CPU.Deploy.0 = Debug|Any CPU
		{2DFD1DAA-8960-4952-AF9F-BF0FCC48628C}.Debug|iPhone.ActiveCfg = Debug|Any CPU
		{2DFD1DAA-8960-4952-AF9F-BF0FCC48628C}.Debug|iPhone.Build.0 = Debug|Any CPU
		{2DFD1DAA-8960-4952-AF9F-BF0FCC48628C}.Debug|iPhone.Deploy.0 = Debug|Any CPU
		{2DFD1DAA-8960-4952-AF9F-BF0FCC48628C}.Debug|iPhoneSimulator.ActiveCfg = Debug|Any CPU
		{2DFD1DAA-8960-4952-AF9F-BF0FCC48628C}.Debug|iPhoneSimulator.Build.0 = Debug|Any CPU
		{2DFD1DAA-8960-4952-AF9F-BF0FCC48628C}.Debug|iPhoneSimulator.Deploy.0 = Debug|Any CPU
		{2DFD1DAA-8960-4952-AF9F-BF0FCC48628C}.Release|Any CPU.ActiveCfg = Release|Any CPU
		{2DFD1DAA-8960-4952-AF9F-BF0FCC48628C}.Release|Any CPU.Build.0 = Release|Any CPU
		{2DFD1DAA-8960-4952-AF9F-BF0FCC48628C}.Release|Any CPU.Deploy.0 = Release|Any CPU
		{2DFD1DAA-8960-4952-AF9F-BF0FCC48628C}.Release|iPhone.ActiveCfg = Release|Any CPU
		{2DFD1DAA-8960-4952-AF9F-BF0FCC48628C}.Release|iPhone.Build.0 = Release|Any CPU
		{2DFD1DAA-8960-4952-AF9F-BF0FCC48628C}.Release|iPhone.Deploy.0 = Release|Any CPU
		{2DFD1DAA-8960-4952-AF9F-BF0FCC48628C}.Release|iPhoneSimulator.ActiveCfg = Release|Any CPU
		{2DFD1DAA-8960-4952-AF9F-BF0FCC48628C}.Release|iPhoneSimulator.Build.0 = Release|Any CPU
		{2DFD1DAA-8960-4952-AF9F-BF0FCC48628C}.Release|iPhoneSimulator.Deploy.0 = Release|Any CPU
		{5A90B1EE-F430-45DF-88A0-F3C40E0DDAC4}.Debug|Any CPU.ActiveCfg = Debug|iPhone
		{5A90B1EE-F430-45DF-88A0-F3C40E0DDAC4}.Debug|Any CPU.Build.0 = Debug|iPhone
		{5A90B1EE-F430-45DF-88A0-F3C40E0DDAC4}.Debug|Any CPU.Deploy.0 = Debug|iPhone
		{5A90B1EE-F430-45DF-88A0-F3C40E0DDAC4}.Debug|iPhone.ActiveCfg = Debug|iPhone
		{5A90B1EE-F430-45DF-88A0-F3C40E0DDAC4}.Debug|iPhone.Build.0 = Debug|iPhone
		{5A90B1EE-F430-45DF-88A0-F3C40E0DDAC4}.Debug|iPhone.Deploy.0 = Debug|iPhone
		{5A90B1EE-F430-45DF-88A0-F3C40E0DDAC4}.Debug|iPhoneSimulator.ActiveCfg = Debug|iPhoneSimulator
		{5A90B1EE-F430-45DF-88A0-F3C40E0DDAC4}.Debug|iPhoneSimulator.Build.0 = Debug|iPhoneSimulator
		{5A90B1EE-F430-45DF-88A0-F3C40E0DDAC4}.Debug|iPhoneSimulator.Deploy.0 = Debug|iPhoneSimulator
		{5A90B1EE-F430-45DF-88A0-F3C40E0DDAC4}.Release|Any CPU.ActiveCfg = Release|iPhoneSimulator
		{5A90B1EE-F430-45DF-88A0-F3C40E0DDAC4}.Release|Any CPU.Build.0 = Release|iPhoneSimulator
		{5A90B1EE-F430-45DF-88A0-F3C40E0DDAC4}.Release|Any CPU.Deploy.0 = Release|iPhoneSimulator
		{5A90B1EE-F430-45DF-88A0-F3C40E0DDAC4}.Release|iPhone.ActiveCfg = Release|iPhone
		{5A90B1EE-F430-45DF-88A0-F3C40E0DDAC4}.Release|iPhone.Build.0 = Release|iPhone
		{5A90B1EE-F430-45DF-88A0-F3C40E0DDAC4}.Release|iPhone.Deploy.0 = Release|iPhone
		{5A90B1EE-F430-45DF-88A0-F3C40E0DDAC4}.Release|iPhoneSimulator.ActiveCfg = Release|iPhoneSimulator
		{5A90B1EE-F430-45DF-88A0-F3C40E0DDAC4}.Release|iPhoneSimulator.Build.0 = Release|iPhoneSimulator
		{5A90B1EE-F430-45DF-88A0-F3C40E0DDAC4}.Release|iPhoneSimulator.Deploy.0 = Release|iPhoneSimulator
		{52BEC6EB-3465-4F77-B3A5-473197581CB1}.Debug|Any CPU.ActiveCfg = Debug|Any CPU
		{52BEC6EB-3465-4F77-B3A5-473197581CB1}.Debug|Any CPU.Build.0 = Debug|Any CPU
		{52BEC6EB-3465-4F77-B3A5-473197581CB1}.Debug|Any CPU.Deploy.0 = Debug|Any CPU
		{52BEC6EB-3465-4F77-B3A5-473197581CB1}.Debug|iPhone.ActiveCfg = Debug|Any CPU
		{52BEC6EB-3465-4F77-B3A5-473197581CB1}.Debug|iPhone.Build.0 = Debug|Any CPU
		{52BEC6EB-3465-4F77-B3A5-473197581CB1}.Debug|iPhone.Deploy.0 = Debug|Any CPU
		{52BEC6EB-3465-4F77-B3A5-473197581CB1}.Debug|iPhoneSimulator.ActiveCfg = Debug|Any CPU
		{52BEC6EB-3465-4F77-B3A5-473197581CB1}.Debug|iPhoneSimulator.Build.0 = Debug|Any CPU
		{52BEC6EB-3465-4F77-B3A5-473197581CB1}.Debug|iPhoneSimulator.Deploy.0 = Debug|Any CPU
		{52BEC6EB-3465-4F77-B3A5-473197581CB1}.Release|Any CPU.ActiveCfg = Release|Any CPU
		{52BEC6EB-3465-4F77-B3A5-473197581CB1}.Release|Any CPU.Build.0 = Release|Any CPU
		{52BEC6EB-3465-4F77-B3A5-473197581CB1}.Release|Any CPU.Deploy.0 = Release|Any CPU
		{52BEC6EB-3465-4F77-B3A5-473197581CB1}.Release|iPhone.ActiveCfg = Release|Any CPU
		{52BEC6EB-3465-4F77-B3A5-473197581CB1}.Release|iPhone.Build.0 = Release|Any CPU
		{52BEC6EB-3465-4F77-B3A5-473197581CB1}.Release|iPhone.Deploy.0 = Release|Any CPU
		{52BEC6EB-3465-4F77-B3A5-473197581CB1}.Release|iPhoneSimulator.ActiveCfg = Release|Any CPU
		{52BEC6EB-3465-4F77-B3A5-473197581CB1}.Release|iPhoneSimulator.Build.0 = Release|Any CPU
		{52BEC6EB-3465-4F77-B3A5-473197581CB1}.Release|iPhoneSimulator.Deploy.0 = Release|Any CPU
	EndGlobalSection
	GlobalSection(SolutionProperties) = preSolution
		HideSolutionNode = FALSE
	EndGlobalSection
	GlobalSection(ExtensibilityGlobals) = postSolution
		SolutionGuid = {56218D13-5304-467E-A3FE-8C2ED12EC0B8}
	EndGlobalSection
EndGlobal
